// !$*UTF8*$!
{
	archiveVersion = 1;
	classes = {
	};
	objectVersion = 48;
	objects = {

/* Begin PBXBuildFile section */
		45C4458D2055609900562B70 /* AppDelegate.swift in Sources */ = {isa = PBXBuildFile; fileRef = 45C4458C2055609900562B70 /* AppDelegate.swift */; };
		45C4458F2055609900562B70 /* ViewController.swift in Sources */ = {isa = PBXBuildFile; fileRef = 45C4458E2055609900562B70 /* ViewController.swift */; };
		45C445922055609900562B70 /* Main.storyboard in Resources */ = {isa = PBXBuildFile; fileRef = 45C445902055609900562B70 /* Main.storyboard */; };
		45C445942055609900562B70 /* Assets.xcassets in Resources */ = {isa = PBXBuildFile; fileRef = 45C445932055609900562B70 /* Assets.xcassets */; };
		45C445972055609900562B70 /* LaunchScreen.storyboard in Resources */ = {isa = PBXBuildFile; fileRef = 45C445952055609900562B70 /* LaunchScreen.storyboard */; };
		A055F0C533365A1567B014C5 /* Pods_Explore_Apollo_iOS_Client.framework in Frameworks */ = {isa = PBXBuildFile; fileRef = A338EE6BE18FCFFA20440716 /* Pods_Explore_Apollo_iOS_Client.framework */; };
/* End PBXBuildFile section */

/* Begin PBXFileReference section */
		1EE74C037E3502682D914879 /* Pods-Explore-Apollo-iOS-Client.release.xcconfig */ = {isa = PBXFileReference; includeInIndex = 1; lastKnownFileType = text.xcconfig; name = "Pods-Explore-Apollo-iOS-Client.release.xcconfig"; path = "Pods/Target Support Files/Pods-Explore-Apollo-iOS-Client/Pods-Explore-Apollo-iOS-Client.release.xcconfig"; sourceTree = "<group>"; };
		29F40D524040712307500590 /* Pods-Explore-Apollo-iOS-Client.debug.xcconfig */ = {isa = PBXFileReference; includeInIndex = 1; lastKnownFileType = text.xcconfig; name = "Pods-Explore-Apollo-iOS-Client.debug.xcconfig"; path = "Pods/Target Support Files/Pods-Explore-Apollo-iOS-Client/Pods-Explore-Apollo-iOS-Client.debug.xcconfig"; sourceTree = "<group>"; };
		45C445892055609900562B70 /* Explore-Apollo-iOS-Client.app */ = {isa = PBXFileReference; explicitFileType = wrapper.application; includeInIndex = 0; path = "Explore-Apollo-iOS-Client.app"; sourceTree = BUILT_PRODUCTS_DIR; };
		45C4458C2055609900562B70 /* AppDelegate.swift */ = {isa = PBXFileReference; lastKnownFileType = sourcecode.swift; path = AppDelegate.swift; sourceTree = "<group>"; };
		45C4458E2055609900562B70 /* ViewController.swift */ = {isa = PBXFileReference; lastKnownFileType = sourcecode.swift; path = ViewController.swift; sourceTree = "<group>"; };
		45C445912055609900562B70 /* Base */ = {isa = PBXFileReference; lastKnownFileType = file.storyboard; name = Base; path = Base.lproj/Main.storyboard; sourceTree = "<group>"; };
		45C445932055609900562B70 /* Assets.xcassets */ = {isa = PBXFileReference; lastKnownFileType = folder.assetcatalog; path = Assets.xcassets; sourceTree = "<group>"; };
		45C445962055609900562B70 /* Base */ = {isa = PBXFileReference; lastKnownFileType = file.storyboard; name = Base; path = Base.lproj/LaunchScreen.storyboard; sourceTree = "<group>"; };
		45C445982055609900562B70 /* Info.plist */ = {isa = PBXFileReference; lastKnownFileType = text.plist.xml; path = Info.plist; sourceTree = "<group>"; };
		A338EE6BE18FCFFA20440716 /* Pods_Explore_Apollo_iOS_Client.framework */ = {isa = PBXFileReference; explicitFileType = wrapper.framework; includeInIndex = 0; path = Pods_Explore_Apollo_iOS_Client.framework; sourceTree = BUILT_PRODUCTS_DIR; };
/* End PBXFileReference section */

/* Begin PBXFrameworksBuildPhase section */
		45C445862055609900562B70 /* Frameworks */ = {
			isa = PBXFrameworksBuildPhase;
			buildActionMask = 2147483647;
			files = (
				A055F0C533365A1567B014C5 /* Pods_Explore_Apollo_iOS_Client.framework in Frameworks */,
			);
			runOnlyForDeploymentPostprocessing = 0;
		};
/* End PBXFrameworksBuildPhase section */

/* Begin PBXGroup section */
		45C445802055609900562B70 = {
			isa = PBXGroup;
			children = (
				45C4458B2055609900562B70 /* Explore-Apollo-iOS-Client */,
				45C4458A2055609900562B70 /* Products */,
				4BA2EC8F4D00906A270CDF9F /* Pods */,
				E8D5F9A45D8D5091E5B27A21 /* Frameworks */,
			);
			sourceTree = "<group>";
		};
		45C4458A2055609900562B70 /* Products */ = {
			isa = PBXGroup;
			children = (
				45C445892055609900562B70 /* Explore-Apollo-iOS-Client.app */,
			);
			name = Products;
			sourceTree = "<group>";
		};
		45C4458B2055609900562B70 /* Explore-Apollo-iOS-Client */ = {
			isa = PBXGroup;
			children = (
				45C4458C2055609900562B70 /* AppDelegate.swift */,
				45C4458E2055609900562B70 /* ViewController.swift */,
				45C445902055609900562B70 /* Main.storyboard */,
				45C445932055609900562B70 /* Assets.xcassets */,
				45C445952055609900562B70 /* LaunchScreen.storyboard */,
				45C445982055609900562B70 /* Info.plist */,
			);
			path = "Explore-Apollo-iOS-Client";
			sourceTree = "<group>";
		};
		4BA2EC8F4D00906A270CDF9F /* Pods */ = {
			isa = PBXGroup;
			children = (
				29F40D524040712307500590 /* Pods-Explore-Apollo-iOS-Client.debug.xcconfig */,
				1EE74C037E3502682D914879 /* Pods-Explore-Apollo-iOS-Client.release.xcconfig */,
			);
			name = Pods;
			sourceTree = "<group>";
		};
		E8D5F9A45D8D5091E5B27A21 /* Frameworks */ = {
			isa = PBXGroup;
			children = (
				A338EE6BE18FCFFA20440716 /* Pods_Explore_Apollo_iOS_Client.framework */,
			);
			name = Frameworks;
			sourceTree = "<group>";
		};
/* End PBXGroup section */

/* Begin PBXNativeTarget section */
		45C445882055609900562B70 /* Explore-Apollo-iOS-Client */ = {
			isa = PBXNativeTarget;
			buildConfigurationList = 45C4459B2055609900562B70 /* Build configuration list for PBXNativeTarget "Explore-Apollo-iOS-Client" */;
			buildPhases = (
				1C1ADEB83B92FFEB8F7CF95C /* [CP] Check Pods Manifest.lock */,
				45C445852055609900562B70 /* Sources */,
				45C445862055609900562B70 /* Frameworks */,
				45C445872055609900562B70 /* Resources */,
				9A2B86973D8D31868B2AD740 /* [CP] Embed Pods Frameworks */,
				03463D926757FB631461F0DE /* [CP] Copy Pods Resources */,
			);
			buildRules = (
			);
			dependencies = (
			);
			name = "Explore-Apollo-iOS-Client";
			productName = "Explore-Apollo-iOS-Client";
			productReference = 45C445892055609900562B70 /* Explore-Apollo-iOS-Client.app */;
			productType = "com.apple.product-type.application";
		};
/* End PBXNativeTarget section */

/* Begin PBXProject section */
		45C445812055609900562B70 /* Project object */ = {
			isa = PBXProject;
			attributes = {
				LastSwiftUpdateCheck = 0920;
				LastUpgradeCheck = 0920;
				ORGANIZATIONNAME = luojie;
				TargetAttributes = {
					45C445882055609900562B70 = {
						CreatedOnToolsVersion = 9.2;
						ProvisioningStyle = Automatic;
					};
				};
			};
			buildConfigurationList = 45C445842055609900562B70 /* Build configuration list for PBXProject "Explore-Apollo-iOS-Client" */;
			compatibilityVersion = "Xcode 8.0";
			developmentRegion = en;
			hasScannedForEncodings = 0;
			knownRegions = (
				en,
				Base,
			);
			mainGroup = 45C445802055609900562B70;
			productRefGroup = 45C4458A2055609900562B70 /* Products */;
			projectDirPath = "";
			projectRoot = "";
			targets = (
				45C445882055609900562B70 /* Explore-Apollo-iOS-Client */,
			);
		};
/* End PBXProject section */

/* Begin PBXResourcesBuildPhase section */
		45C445872055609900562B70 /* Resources */ = {
			isa = PBXResourcesBuildPhase;
			buildActionMask = 2147483647;
			files = (
				45C445972055609900562B70 /* LaunchScreen.storyboard in Resources */,
				45C445942055609900562B70 /* Assets.xcassets in Resources */,
				45C445922055609900562B70 /* Main.storyboard in Resources */,
			);
			runOnlyForDeploymentPostprocessing = 0;
		};
/* End PBXResourcesBuildPhase section */

/* Begin PBXShellScriptBuildPhase section */
		03463D926757FB631461F0DE /* [CP] Copy Pods Resources */ = {
			isa = PBXShellScriptBuildPhase;
			buildActionMask = 2147483647;
			files = (
			);
			inputPaths = (
			);
			name = "[CP] Copy Pods Resources";
			outputPaths = (
			);
			runOnlyForDeploymentPostprocessing = 0;
			shellPath = /bin/sh;
			shellScript = "\"${SRCROOT}/Pods/Target Support Files/Pods-Explore-Apollo-iOS-Client/Pods-Explore-Apollo-iOS-Client-resources.sh\"\n";
			showEnvVarsInLog = 0;
		};
		1C1ADEB83B92FFEB8F7CF95C /* [CP] Check Pods Manifest.lock */ = {
			isa = PBXShellScriptBuildPhase;
			buildActionMask = 2147483647;
			files = (
			);
			inputPaths = (
			);
			name = "[CP] Check Pods Manifest.lock";
			outputPaths = (
			);
			runOnlyForDeploymentPostprocessing = 0;
			shellPath = /bin/sh;
			shellScript = "diff \"${PODS_PODFILE_DIR_PATH}/Podfile.lock\" \"${PODS_ROOT}/Manifest.lock\" > /dev/null\nif [ $? != 0 ] ; then\n    # print error to STDERR\n    echo \"error: The sandbox is not in sync with the Podfile.lock. Run 'pod install' or update your CocoaPods installation.\" >&2\n    exit 1\nfi\n";
			showEnvVarsInLog = 0;
		};
		9A2B86973D8D31868B2AD740 /* [CP] Embed Pods Frameworks */ = {
			isa = PBXShellScriptBuildPhase;
			buildActionMask = 2147483647;
			files = (
			);
			inputPaths = (
			);
			name = "[CP] Embed Pods Frameworks";
			outputPaths = (
			);
			runOnlyForDeploymentPostprocessing = 0;
			shellPath = /bin/sh;
			shellScript = "\"${SRCROOT}/Pods/Target Support Files/Pods-Explore-Apollo-iOS-Client/Pods-Explore-Apollo-iOS-Client-frameworks.sh\"\n";
			showEnvVarsInLog = 0;
		};
/* End PBXShellScriptBuildPhase section */

/* Begin PBXSourcesBuildPhase section */
		45C445852055609900562B70 /* Sources */ = {
			isa = PBXSourcesBuildPhase;
			buildActionMask = 2147483647;
			files = (
				45C4458F2055609900562B70 /* ViewController.swift in Sources */,
				45C4458D2055609900562B70 /* AppDelegate.swift in Sources */,
			);
			runOnlyForDeploymentPostprocessing = 0;
		};
/* End PBXSourcesBuildPhase section */

/* Begin PBXVariantGroup section */
		45C445902055609900562B70 /* Main.storyboard */ = {
			isa = PBXVariantGroup;
			children = (
				45C445912055609900562B70 /* Base */,
			);
			name = Main.storyboard;
			sourceTree = "<group>";
		};
		45C445952055609900562B70 /* LaunchScreen.storyboard */ = {
			isa = PBXVariantGroup;
			children = (
				45C445962055609900562B70 /* Base */,
			);
			name = LaunchScreen.storyboard;
			sourceTree = "<group>";
		};
/* End PBXVariantGroup section */

/* Begin XCBuildConfiguration section */
		45C445992055609900562B70 /* Debug */ = {
			isa = XCBuildConfiguration;
			buildSettings = {
				ALWAYS_SEARCH_USER_PATHS = NO;
				CLANG_ANALYZER_NONNULL = YES;
				CLANG_ANALYZER_NUMBER_OBJECT_CONVERSION = YES_AGGRESSIVE;
				CLANG_CXX_LANGUAGE_STANDARD = "gnu++14";
				CLANG_CXX_LIBRARY = "libc++";
				CLANG_ENABLE_MODULES = YES;
				CLANG_ENABLE_OBJC_ARC = YES;
				CLANG_WARN_BLOCK_CAPTURE_AUTORELEASING = YES;
				CLANG_WARN_BOOL_CONVERSION = YES;
				CLANG_WARN_COMMA = YES;
				CLANG_WARN_CONSTANT_CONVERSION = YES;
				CLANG_WARN_DIRECT_OBJC_ISA_USAGE = YES_ERROR;
				CLANG_WARN_DOCUMENTATION_COMMENTS = YES;
				CLANG_WARN_EMPTY_BODY = YES;
				CLANG_WARN_ENUM_CONVERSION = YES;
				CLANG_WARN_INFINITE_RECURSION = YES;
				CLANG_WARN_INT_CONVERSION = YES;
				CLANG_WARN_NON_LITERAL_NULL_CONVERSION = YES;
				CLANG_WARN_OBJC_LITERAL_CONVERSION = YES;
				CLANG_WARN_OBJC_ROOT_CLASS = YES_ERROR;
				CLANG_WARN_RANGE_LOOP_ANALYSIS = YES;
				CLANG_WARN_STRICT_PROTOTYPES = YES;
				CLANG_WARN_SUSPICIOUS_MOVE = YES;
				CLANG_WARN_UNGUARDED_AVAILABILITY = YES_AGGRESSIVE;
				CLANG_WARN_UNREACHABLE_CODE = YES;
				CLANG_WARN__DUPLICATE_METHOD_MATCH = YES;
				CODE_SIGN_IDENTITY = "iPhone Developer";
				COPY_PHASE_STRIP = NO;
				DEBUG_INFORMATION_FORMAT = dwarf;
				ENABLE_STRICT_OBJC_MSGSEND = YES;
				ENABLE_TESTABILITY = YES;
				GCC_C_LANGUAGE_STANDARD = gnu11;
				GCC_DYNAMIC_NO_PIC = NO;
				GCC_NO_COMMON_BLOCKS = YES;
				GCC_OPTIMIZATION_LEVEL = 0;
				GCC_PREPROCESSOR_DEFINITIONS = (
					"DEBUG=1",
					"$(inherited)",
				);
				GCC_WARN_64_TO_32_BIT_CONVERSION = YES;
				GCC_WARN_ABOUT_RETURN_TYPE = YES_ERROR;
				GCC_WARN_UNDECLARED_SELECTOR = YES;
				GCC_WARN_UNINITIALIZED_AUTOS = YES_AGGRESSIVE;
				GCC_WARN_UNUSED_FUNCTION = YES;
				GCC_WARN_UNUSED_VARIABLE = YES;
				IPHONEOS_DEPLOYMENT_TARGET = 11.2;
				MTL_ENABLE_DEBUG_INFO = YES;
				ONLY_ACTIVE_ARCH = YES;
				SDKROOT = iphoneos;
				SWIFT_ACTIVE_COMPILATION_CONDITIONS = DEBUG;
				SWIFT_OPTIMIZATION_LEVEL = "-Onone";
			};
			name = Debug;
		};
		45C4459A2055609900562B70 /* Release */ = {
			isa = XCBuildConfiguration;
			buildSettings = {
				ALWAYS_SEARCH_USER_PATHS = NO;
				CLANG_ANALYZER_NONNULL = YES;
				CLANG_ANALYZER_NUMBER_OBJECT_CONVERSION = YES_AGGRESSIVE;
				CLANG_CXX_LANGUAGE_STANDARD = "gnu++14";
				CLANG_CXX_LIBRARY = "libc++";
				CLANG_ENABLE_MODULES = YES;
				CLANG_ENABLE_OBJC_ARC = YES;
				CLANG_WARN_BLOCK_CAPTURE_AUTORELEASING = YES;
				CLANG_WARN_BOOL_CONVERSION = YES;
				CLANG_WARN_COMMA = YES;
				CLANG_WARN_CONSTANT_CONVERSION = YES;
				CLANG_WARN_DIRECT_OBJC_ISA_USAGE = YES_ERROR;
				CLANG_WARN_DOCUMENTATION_COMMENTS = YES;
				CLANG_WARN_EMPTY_BODY = YES;
				CLANG_WARN_ENUM_CONVERSION = YES;
				CLANG_WARN_INFINITE_RECURSION = YES;
				CLANG_WARN_INT_CONVERSION = YES;
				CLANG_WARN_NON_LITERAL_NULL_CONVERSION = YES;
				CLANG_WARN_OBJC_LITERAL_CONVERSION = YES;
				CLANG_WARN_OBJC_ROOT_CLASS = YES_ERROR;
				CLANG_WARN_RANGE_LOOP_ANALYSIS = YES;
				CLANG_WARN_STRICT_PROTOTYPES = YES;
				CLANG_WARN_SUSPICIOUS_MOVE = YES;
				CLANG_WARN_UNGUARDED_AVAILABILITY = YES_AGGRESSIVE;
				CLANG_WARN_UNREACHABLE_CODE = YES;
				CLANG_WARN__DUPLICATE_METHOD_MATCH = YES;
				CODE_SIGN_IDENTITY = "iPhone Developer";
				COPY_PHASE_STRIP = NO;
				DEBUG_INFORMATION_FORMAT = "dwarf-with-dsym";
				ENABLE_NS_ASSERTIONS = NO;
				ENABLE_STRICT_OBJC_MSGSEND = YES;
				GCC_C_LANGUAGE_STANDARD = gnu11;
				GCC_NO_COMMON_BLOCKS = YES;
				GCC_WARN_64_TO_32_BIT_CONVERSION = YES;
				GCC_WARN_ABOUT_RETURN_TYPE = YES_ERROR;
				GCC_WARN_UNDECLARED_SELECTOR = YES;
				GCC_WARN_UNINITIALIZED_AUTOS = YES_AGGRESSIVE;
				GCC_WARN_UNUSED_FUNCTION = YES;
				GCC_WARN_UNUSED_VARIABLE = YES;
				IPHONEOS_DEPLOYMENT_TARGET = 11.2;
				MTL_ENABLE_DEBUG_INFO = NO;
				SDKROOT = iphoneos;
				SWIFT_OPTIMIZATION_LEVEL = "-Owholemodule";
				VALIDATE_PRODUCT = YES;
			};
			name = Release;
		};
		45C4459C2055609900562B70 /* Debug */ = {
			isa = XCBuildConfiguration;
			baseConfigurationReference = 29F40D524040712307500590 /* Pods-Explore-Apollo-iOS-Client.debug.xcconfig */;
			buildSettings = {
				ASSETCATALOG_COMPILER_APPICON_NAME = AppIcon;
				CODE_SIGN_STYLE = Automatic;
				DEVELOPMENT_TEAM = 6BDKUNMM63;
				INFOPLIST_FILE = "Explore-Apollo-iOS-Client/Info.plist";
				IPHONEOS_DEPLOYMENT_TARGET = 9.0;
				LD_RUNPATH_SEARCH_PATHS = "$(inherited) @executable_path/Frameworks";
				PRODUCT_BUNDLE_IDENTIFIER = "cn.beeth0ven.Explore-Apollo-iOS-Client";
				PRODUCT_NAME = "$(TARGET_NAME)";
				SWIFT_VERSION = 4.0;
				TARGETED_DEVICE_FAMILY = "1,2";
			};
			name = Debug;
		};
		45C4459D2055609900562B70 /* Release */ = {
			isa = XCBuildConfiguration;
			baseConfigurationReference = 1EE74C037E3502682D914879 /* Pods-Explore-Apollo-iOS-Client.release.xcconfig */;
			buildSettings = {
				ASSETCATALOG_COMPILER_APPICON_NAME = AppIcon;
				CODE_SIGN_STYLE = Automatic;
				DEVELOPMENT_TEAM = 6BDKUNMM63;
				INFOPLIST_FILE = "Explore-Apollo-iOS-Client/Info.plist";
				IPHONEOS_DEPLOYMENT_TARGET = 9.0;
				LD_RUNPATH_SEARCH_PATHS = "$(inherited) @executable_path/Frameworks";
				PRODUCT_BUNDLE_IDENTIFIER = "cn.beeth0ven.Explore-Apollo-iOS-Client";
				PRODUCT_NAME = "$(TARGET_NAME)";
				SWIFT_VERSION = 4.0;
				TARGETED_DEVICE_FAMILY = "1,2";
			};
			name = Release;
		};
/* End XCBuildConfiguration section */

/* Begin XCConfigurationList section */
		45C445842055609900562B70 /* Build configuration list for PBXProject "Explore-Apollo-iOS-Client" */ = {
			isa = XCConfigurationList;
			buildConfigurations = (
				45C445992055609900562B70 /* Debug */,
				45C4459A2055609900562B70 /* Release */,
			);
			defaultConfigurationIsVisible = 0;
			defaultConfigurationName = Release;
		};
		45C4459B2055609900562B70 /* Build configuration list for PBXNativeTarget "Explore-Apollo-iOS-Client" */ = {
			isa = XCConfigurationList;
			buildConfigurations = (
				45C4459C2055609900562B70 /* Debug */,
				45C4459D2055609900562B70 /* Release */,
			);
			defaultConfigurationIsVisible = 0;
			defaultConfigurationName = Release;
		};
/* End XCConfigurationList section */
	};
	rootObject = 45C445812055609900562B70 /* Project object */;
}
